// !$*UTF8*$!
{
	archiveVersion = 1;
	classes = {
	};
	objectVersion = 51;
	objects = {

/* Begin PBXBuildFile section */
		6EE212E9A4B44D9618EE4263 /* Pods_Kazame_KazameUITests.framework in Frameworks */ = {isa = PBXBuildFile; fileRef = 9BC1502BC0EF16BCE898B306 /* Pods_Kazame_KazameUITests.framework */; };
		741DDC670BC5E236F781D03E /* Pods_Kazame.framework in Frameworks */ = {isa = PBXBuildFile; fileRef = E11A26FECCDD7FCEA6920B36 /* Pods_Kazame.framework */; };
		B7BDEEB3EC09BD97844881E6 /* Pods_KazameTests.framework in Frameworks */ = {isa = PBXBuildFile; fileRef = 3BC06CAF270177276E0AD4B5 /* Pods_KazameTests.framework */; };
		C249B4862649B1EE0040112F /* LoginViewController.swift in Sources */ = {isa = PBXBuildFile; fileRef = C249B4852649B1EE0040112F /* LoginViewController.swift */; };
		C257CDCF26467C8C0044D731 /* AppDelegate.swift in Sources */ = {isa = PBXBuildFile; fileRef = C257CDCE26467C8C0044D731 /* AppDelegate.swift */; };
		C257CDD126467C8C0044D731 /* SceneDelegate.swift in Sources */ = {isa = PBXBuildFile; fileRef = C257CDD026467C8C0044D731 /* SceneDelegate.swift */; };
		C257CDD326467C8C0044D731 /* ViewController.swift in Sources */ = {isa = PBXBuildFile; fileRef = C257CDD226467C8C0044D731 /* ViewController.swift */; };
		C257CDD626467C8C0044D731 /* Main.storyboard in Resources */ = {isa = PBXBuildFile; fileRef = C257CDD426467C8C0044D731 /* Main.storyboard */; };
		C257CDD826467C8E0044D731 /* Assets.xcassets in Resources */ = {isa = PBXBuildFile; fileRef = C257CDD726467C8E0044D731 /* Assets.xcassets */; };
		C257CDDB26467C8E0044D731 /* LaunchScreen.storyboard in Resources */ = {isa = PBXBuildFile; fileRef = C257CDD926467C8E0044D731 /* LaunchScreen.storyboard */; };
		C257CDE626467C8E0044D731 /* KazameTests.swift in Sources */ = {isa = PBXBuildFile; fileRef = C257CDE526467C8E0044D731 /* KazameTests.swift */; };
		C257CDF126467C8E0044D731 /* KazameUITests.swift in Sources */ = {isa = PBXBuildFile; fileRef = C257CDF026467C8E0044D731 /* KazameUITests.swift */; };
		C2F6E45A2649D1DF000B37A7 /* Home.storyboard in Resources */ = {isa = PBXBuildFile; fileRef = C2F6E4592649D1DF000B37A7 /* Home.storyboard */; };
		C2F6E45C2649D209000B37A7 /* HomeViewController.swift in Sources */ = {isa = PBXBuildFile; fileRef = C2F6E45B2649D209000B37A7 /* HomeViewController.swift */; };
		C2F6E45E2649EAB0000B37A7 /* RegisterViewController.swift in Sources */ = {isa = PBXBuildFile; fileRef = C2F6E45D2649EAB0000B37A7 /* RegisterViewController.swift */; };
		C2F6E4602649F378000B37A7 /* SettingsViewController.swift in Sources */ = {isa = PBXBuildFile; fileRef = C2F6E45F2649F378000B37A7 /* SettingsViewController.swift */; };
/* End PBXBuildFile section */

/* Begin PBXContainerItemProxy section */
		C257CDE226467C8E0044D731 /* PBXContainerItemProxy */ = {
			isa = PBXContainerItemProxy;
			containerPortal = C257CDC326467C8C0044D731 /* Project object */;
			proxyType = 1;
			remoteGlobalIDString = C257CDCA26467C8C0044D731;
			remoteInfo = Kazame;
		};
		C257CDED26467C8E0044D731 /* PBXContainerItemProxy */ = {
			isa = PBXContainerItemProxy;
			containerPortal = C257CDC326467C8C0044D731 /* Project object */;
			proxyType = 1;
			remoteGlobalIDString = C257CDCA26467C8C0044D731;
			remoteInfo = Kazame;
		};
/* End PBXContainerItemProxy section */

/* Begin PBXFileReference section */
		1A0CFEE601CD8D2F9A441D12 /* Pods-Kazame.debug.xcconfig */ = {isa = PBXFileReference; includeInIndex = 1; lastKnownFileType = text.xcconfig; name = "Pods-Kazame.debug.xcconfig"; path = "Target Support Files/Pods-Kazame/Pods-Kazame.debug.xcconfig"; sourceTree = "<group>"; };
		2E125709A00F804D18B8BAE2 /* Pods-Kazame-KazameUITests.debug.xcconfig */ = {isa = PBXFileReference; includeInIndex = 1; lastKnownFileType = text.xcconfig; name = "Pods-Kazame-KazameUITests.debug.xcconfig"; path = "Target Support Files/Pods-Kazame-KazameUITests/Pods-Kazame-KazameUITests.debug.xcconfig"; sourceTree = "<group>"; };
		3BC06CAF270177276E0AD4B5 /* Pods_KazameTests.framework */ = {isa = PBXFileReference; explicitFileType = wrapper.framework; includeInIndex = 0; path = Pods_KazameTests.framework; sourceTree = BUILT_PRODUCTS_DIR; };
		583E9A306BF3EFFB87F615BA /* Pods-Kazame-KazameUITests.release.xcconfig */ = {isa = PBXFileReference; includeInIndex = 1; lastKnownFileType = text.xcconfig; name = "Pods-Kazame-KazameUITests.release.xcconfig"; path = "Target Support Files/Pods-Kazame-KazameUITests/Pods-Kazame-KazameUITests.release.xcconfig"; sourceTree = "<group>"; };
		68559216F39AD534C20CA079 /* Pods-KazameTests.release.xcconfig */ = {isa = PBXFileReference; includeInIndex = 1; lastKnownFileType = text.xcconfig; name = "Pods-KazameTests.release.xcconfig"; path = "Target Support Files/Pods-KazameTests/Pods-KazameTests.release.xcconfig"; sourceTree = "<group>"; };
		687B43993CCB759FE10B0AD2 /* Pods-KazameTests.debug.xcconfig */ = {isa = PBXFileReference; includeInIndex = 1; lastKnownFileType = text.xcconfig; name = "Pods-KazameTests.debug.xcconfig"; path = "Target Support Files/Pods-KazameTests/Pods-KazameTests.debug.xcconfig"; sourceTree = "<group>"; };
		9BC1502BC0EF16BCE898B306 /* Pods_Kazame_KazameUITests.framework */ = {isa = PBXFileReference; explicitFileType = wrapper.framework; includeInIndex = 0; path = Pods_Kazame_KazameUITests.framework; sourceTree = BUILT_PRODUCTS_DIR; };
		C249B4852649B1EE0040112F /* LoginViewController.swift */ = {isa = PBXFileReference; lastKnownFileType = sourcecode.swift; path = LoginViewController.swift; sourceTree = "<group>"; };
		C257CDCB26467C8C0044D731 /* Kazame.app */ = {isa = PBXFileReference; explicitFileType = wrapper.application; includeInIndex = 0; path = Kazame.app; sourceTree = BUILT_PRODUCTS_DIR; };
		C257CDCE26467C8C0044D731 /* AppDelegate.swift */ = {isa = PBXFileReference; lastKnownFileType = sourcecode.swift; path = AppDelegate.swift; sourceTree = "<group>"; };
		C257CDD026467C8C0044D731 /* SceneDelegate.swift */ = {isa = PBXFileReference; lastKnownFileType = sourcecode.swift; path = SceneDelegate.swift; sourceTree = "<group>"; };
		C257CDD226467C8C0044D731 /* ViewController.swift */ = {isa = PBXFileReference; lastKnownFileType = sourcecode.swift; path = ViewController.swift; sourceTree = "<group>"; };
		C257CDD526467C8C0044D731 /* Base */ = {isa = PBXFileReference; lastKnownFileType = file.storyboard; name = Base; path = Base.lproj/Main.storyboard; sourceTree = "<group>"; };
		C257CDD726467C8E0044D731 /* Assets.xcassets */ = {isa = PBXFileReference; lastKnownFileType = folder.assetcatalog; path = Assets.xcassets; sourceTree = "<group>"; };
		C257CDDA26467C8E0044D731 /* Base */ = {isa = PBXFileReference; lastKnownFileType = file.storyboard; name = Base; path = Base.lproj/LaunchScreen.storyboard; sourceTree = "<group>"; };
		C257CDDC26467C8E0044D731 /* Info.plist */ = {isa = PBXFileReference; lastKnownFileType = text.plist.xml; path = Info.plist; sourceTree = "<group>"; };
		C257CDE126467C8E0044D731 /* KazameTests.xctest */ = {isa = PBXFileReference; explicitFileType = wrapper.cfbundle; includeInIndex = 0; path = KazameTests.xctest; sourceTree = BUILT_PRODUCTS_DIR; };
		C257CDE526467C8E0044D731 /* KazameTests.swift */ = {isa = PBXFileReference; lastKnownFileType = sourcecode.swift; path = KazameTests.swift; sourceTree = "<group>"; };
		C257CDE726467C8E0044D731 /* Info.plist */ = {isa = PBXFileReference; lastKnownFileType = text.plist.xml; path = Info.plist; sourceTree = "<group>"; };
		C257CDEC26467C8E0044D731 /* KazameUITests.xctest */ = {isa = PBXFileReference; explicitFileType = wrapper.cfbundle; includeInIndex = 0; path = KazameUITests.xctest; sourceTree = BUILT_PRODUCTS_DIR; };
		C257CDF026467C8E0044D731 /* KazameUITests.swift */ = {isa = PBXFileReference; lastKnownFileType = sourcecode.swift; path = KazameUITests.swift; sourceTree = "<group>"; };
		C257CDF226467C8E0044D731 /* Info.plist */ = {isa = PBXFileReference; lastKnownFileType = text.plist.xml; path = Info.plist; sourceTree = "<group>"; };
		C2F6E4592649D1DF000B37A7 /* Home.storyboard */ = {isa = PBXFileReference; lastKnownFileType = file.storyboard; path = Home.storyboard; sourceTree = "<group>"; };
		C2F6E45B2649D209000B37A7 /* HomeViewController.swift */ = {isa = PBXFileReference; lastKnownFileType = sourcecode.swift; path = HomeViewController.swift; sourceTree = "<group>"; };
		C2F6E45D2649EAB0000B37A7 /* RegisterViewController.swift */ = {isa = PBXFileReference; lastKnownFileType = sourcecode.swift; path = RegisterViewController.swift; sourceTree = "<group>"; };
		C2F6E45F2649F378000B37A7 /* SettingsViewController.swift */ = {isa = PBXFileReference; lastKnownFileType = sourcecode.swift; path = SettingsViewController.swift; sourceTree = "<group>"; };
		E11A26FECCDD7FCEA6920B36 /* Pods_Kazame.framework */ = {isa = PBXFileReference; explicitFileType = wrapper.framework; includeInIndex = 0; path = Pods_Kazame.framework; sourceTree = BUILT_PRODUCTS_DIR; };
		FB3FE83C6E86195E7A7A567D /* Pods-Kazame.release.xcconfig */ = {isa = PBXFileReference; includeInIndex = 1; lastKnownFileType = text.xcconfig; name = "Pods-Kazame.release.xcconfig"; path = "Target Support Files/Pods-Kazame/Pods-Kazame.release.xcconfig"; sourceTree = "<group>"; };
/* End PBXFileReference section */

/* Begin PBXFrameworksBuildPhase section */
		C257CDC826467C8C0044D731 /* Frameworks */ = {
			isa = PBXFrameworksBuildPhase;
			buildActionMask = 2147483647;
			files = (
				741DDC670BC5E236F781D03E /* Pods_Kazame.framework in Frameworks */,
			);
			runOnlyForDeploymentPostprocessing = 0;
		};
		C257CDDE26467C8E0044D731 /* Frameworks */ = {
			isa = PBXFrameworksBuildPhase;
			buildActionMask = 2147483647;
			files = (
				B7BDEEB3EC09BD97844881E6 /* Pods_KazameTests.framework in Frameworks */,
			);
			runOnlyForDeploymentPostprocessing = 0;
		};
		C257CDE926467C8E0044D731 /* Frameworks */ = {
			isa = PBXFrameworksBuildPhase;
			buildActionMask = 2147483647;
			files = (
				6EE212E9A4B44D9618EE4263 /* Pods_Kazame_KazameUITests.framework in Frameworks */,
			);
			runOnlyForDeploymentPostprocessing = 0;
		};
/* End PBXFrameworksBuildPhase section */

/* Begin PBXGroup section */
		3C619A070B685EA2D2F9468B /* Frameworks */ = {
			isa = PBXGroup;
			children = (
				E11A26FECCDD7FCEA6920B36 /* Pods_Kazame.framework */,
				9BC1502BC0EF16BCE898B306 /* Pods_Kazame_KazameUITests.framework */,
				3BC06CAF270177276E0AD4B5 /* Pods_KazameTests.framework */,
			);
			name = Frameworks;
			sourceTree = "<group>";
		};
		6807FEAC3B8A240ADBCDFCB7 /* Pods */ = {
			isa = PBXGroup;
			children = (
				1A0CFEE601CD8D2F9A441D12 /* Pods-Kazame.debug.xcconfig */,
				FB3FE83C6E86195E7A7A567D /* Pods-Kazame.release.xcconfig */,
				2E125709A00F804D18B8BAE2 /* Pods-Kazame-KazameUITests.debug.xcconfig */,
				583E9A306BF3EFFB87F615BA /* Pods-Kazame-KazameUITests.release.xcconfig */,
				687B43993CCB759FE10B0AD2 /* Pods-KazameTests.debug.xcconfig */,
				68559216F39AD534C20CA079 /* Pods-KazameTests.release.xcconfig */,
			);
			path = Pods;
			sourceTree = "<group>";
		};
		C257CDC226467C8C0044D731 = {
			isa = PBXGroup;
			children = (
				C257CDCD26467C8C0044D731 /* Kazame */,
				C257CDE426467C8E0044D731 /* KazameTests */,
				C257CDEF26467C8E0044D731 /* KazameUITests */,
				C257CDCC26467C8C0044D731 /* Products */,
				6807FEAC3B8A240ADBCDFCB7 /* Pods */,
				3C619A070B685EA2D2F9468B /* Frameworks */,
			);
			sourceTree = "<group>";
		};
		C257CDCC26467C8C0044D731 /* Products */ = {
			isa = PBXGroup;
			children = (
				C257CDCB26467C8C0044D731 /* Kazame.app */,
				C257CDE126467C8E0044D731 /* KazameTests.xctest */,
				C257CDEC26467C8E0044D731 /* KazameUITests.xctest */,
			);
			name = Products;
			sourceTree = "<group>";
		};
		C257CDCD26467C8C0044D731 /* Kazame */ = {
			isa = PBXGroup;
			children = (
				C257CDCE26467C8C0044D731 /* AppDelegate.swift */,
				C257CDD026467C8C0044D731 /* SceneDelegate.swift */,
				C257CDD226467C8C0044D731 /* ViewController.swift */,
				C249B4852649B1EE0040112F /* LoginViewController.swift */,
				C2F6E45D2649EAB0000B37A7 /* RegisterViewController.swift */,
				C2F6E45B2649D209000B37A7 /* HomeViewController.swift */,
				C2F6E45F2649F378000B37A7 /* SettingsViewController.swift */,
				C257CDD426467C8C0044D731 /* Main.storyboard */,
				C2F6E4592649D1DF000B37A7 /* Home.storyboard */,
				C257CDD926467C8E0044D731 /* LaunchScreen.storyboard */,
				C257CDD726467C8E0044D731 /* Assets.xcassets */,
				C257CDDC26467C8E0044D731 /* Info.plist */,
			);
			path = Kazame;
			sourceTree = "<group>";
		};
		C257CDE426467C8E0044D731 /* KazameTests */ = {
			isa = PBXGroup;
			children = (
				C257CDE526467C8E0044D731 /* KazameTests.swift */,
				C257CDE726467C8E0044D731 /* Info.plist */,
			);
			path = KazameTests;
			sourceTree = "<group>";
		};
		C257CDEF26467C8E0044D731 /* KazameUITests */ = {
			isa = PBXGroup;
			children = (
				C257CDF026467C8E0044D731 /* KazameUITests.swift */,
				C257CDF226467C8E0044D731 /* Info.plist */,
			);
			path = KazameUITests;
			sourceTree = "<group>";
		};
/* End PBXGroup section */

/* Begin PBXNativeTarget section */
		C257CDCA26467C8C0044D731 /* Kazame */ = {
			isa = PBXNativeTarget;
			buildConfigurationList = C257CDF526467C8E0044D731 /* Build configuration list for PBXNativeTarget "Kazame" */;
			buildPhases = (
				BA9D6B55D499B6DF6789612F /* [CP] Check Pods Manifest.lock */,
				C257CDC726467C8C0044D731 /* Sources */,
				C257CDC826467C8C0044D731 /* Frameworks */,
				C257CDC926467C8C0044D731 /* Resources */,
				2C092A46D2D1A0F7799503E9 /* [CP] Embed Pods Frameworks */,
			);
			buildRules = (
			);
			dependencies = (
			);
			name = Kazame;
			productName = Kazame;
			productReference = C257CDCB26467C8C0044D731 /* Kazame.app */;
			productType = "com.apple.product-type.application";
		};
		C257CDE026467C8E0044D731 /* KazameTests */ = {
			isa = PBXNativeTarget;
			buildConfigurationList = C257CDF826467C8E0044D731 /* Build configuration list for PBXNativeTarget "KazameTests" */;
			buildPhases = (
				28B1D474602F6D340C9D3106 /* [CP] Check Pods Manifest.lock */,
				C257CDDD26467C8E0044D731 /* Sources */,
				C257CDDE26467C8E0044D731 /* Frameworks */,
				C257CDDF26467C8E0044D731 /* Resources */,
				AED3EE1A73997AAC88A14DDA /* [CP] Embed Pods Frameworks */,
			);
			buildRules = (
			);
			dependencies = (
				C257CDE326467C8E0044D731 /* PBXTargetDependency */,
			);
			name = KazameTests;
			productName = KazameTests;
			productReference = C257CDE126467C8E0044D731 /* KazameTests.xctest */;
			productType = "com.apple.product-type.bundle.unit-test";
		};
		C257CDEB26467C8E0044D731 /* KazameUITests */ = {
			isa = PBXNativeTarget;
			buildConfigurationList = C257CDFB26467C8E0044D731 /* Build configuration list for PBXNativeTarget "KazameUITests" */;
			buildPhases = (
				F3AEE69E4A5B0968D61CD6E2 /* [CP] Check Pods Manifest.lock */,
				C257CDE826467C8E0044D731 /* Sources */,
				C257CDE926467C8E0044D731 /* Frameworks */,
				C257CDEA26467C8E0044D731 /* Resources */,
				BE01B6E35C550D24049E9A5E /* [CP] Embed Pods Frameworks */,
			);
			buildRules = (
			);
			dependencies = (
				C257CDEE26467C8E0044D731 /* PBXTargetDependency */,
			);
			name = KazameUITests;
			productName = KazameUITests;
			productReference = C257CDEC26467C8E0044D731 /* KazameUITests.xctest */;
			productType = "com.apple.product-type.bundle.ui-testing";
		};
/* End PBXNativeTarget section */

/* Begin PBXProject section */
		C257CDC326467C8C0044D731 /* Project object */ = {
			isa = PBXProject;
			attributes = {
				LastSwiftUpdateCheck = 1250;
				LastUpgradeCheck = 1250;
				TargetAttributes = {
					C257CDCA26467C8C0044D731 = {
						CreatedOnToolsVersion = 12.5;
					};
					C257CDE026467C8E0044D731 = {
						CreatedOnToolsVersion = 12.5;
						TestTargetID = C257CDCA26467C8C0044D731;
					};
					C257CDEB26467C8E0044D731 = {
						CreatedOnToolsVersion = 12.5;
						TestTargetID = C257CDCA26467C8C0044D731;
					};
				};
			};
			buildConfigurationList = C257CDC626467C8C0044D731 /* Build configuration list for PBXProject "Kazame" */;
			compatibilityVersion = "Xcode 9.3";
			developmentRegion = en;
			hasScannedForEncodings = 0;
			knownRegions = (
				en,
				Base,
			);
			mainGroup = C257CDC226467C8C0044D731;
			productRefGroup = C257CDCC26467C8C0044D731 /* Products */;
			projectDirPath = "";
			projectRoot = "";
			targets = (
				C257CDCA26467C8C0044D731 /* Kazame */,
				C257CDE026467C8E0044D731 /* KazameTests */,
				C257CDEB26467C8E0044D731 /* KazameUITests */,
			);
		};
/* End PBXProject section */

/* Begin PBXResourcesBuildPhase section */
		C257CDC926467C8C0044D731 /* Resources */ = {
			isa = PBXResourcesBuildPhase;
			buildActionMask = 2147483647;
			files = (
				C257CDDB26467C8E0044D731 /* LaunchScreen.storyboard in Resources */,
				C257CDD826467C8E0044D731 /* Assets.xcassets in Resources */,
				C257CDD626467C8C0044D731 /* Main.storyboard in Resources */,
				C2F6E45A2649D1DF000B37A7 /* Home.storyboard in Resources */,
			);
			runOnlyForDeploymentPostprocessing = 0;
		};
		C257CDDF26467C8E0044D731 /* Resources */ = {
			isa = PBXResourcesBuildPhase;
			buildActionMask = 2147483647;
			files = (
			);
			runOnlyForDeploymentPostprocessing = 0;
		};
		C257CDEA26467C8E0044D731 /* Resources */ = {
			isa = PBXResourcesBuildPhase;
			buildActionMask = 2147483647;
			files = (
			);
			runOnlyForDeploymentPostprocessing = 0;
		};
/* End PBXResourcesBuildPhase section */

/* Begin PBXShellScriptBuildPhase section */
		28B1D474602F6D340C9D3106 /* [CP] Check Pods Manifest.lock */ = {
			isa = PBXShellScriptBuildPhase;
			buildActionMask = 2147483647;
			files = (
			);
			inputFileListPaths = (
			);
			inputPaths = (
				"${PODS_PODFILE_DIR_PATH}/Podfile.lock",
				"${PODS_ROOT}/Manifest.lock",
			);
			name = "[CP] Check Pods Manifest.lock";
			outputFileListPaths = (
			);
			outputPaths = (
				"$(DERIVED_FILE_DIR)/Pods-KazameTests-checkManifestLockResult.txt",
			);
			runOnlyForDeploymentPostprocessing = 0;
			shellPath = /bin/sh;
			shellScript = "diff \"${PODS_PODFILE_DIR_PATH}/Podfile.lock\" \"${PODS_ROOT}/Manifest.lock\" > /dev/null\nif [ $? != 0 ] ; then\n    # print error to STDERR\n    echo \"error: The sandbox is not in sync with the Podfile.lock. Run 'pod install' or update your CocoaPods installation.\" >&2\n    exit 1\nfi\n# This output is used by Xcode 'outputs' to avoid re-running this script phase.\necho \"SUCCESS\" > \"${SCRIPT_OUTPUT_FILE_0}\"\n";
			showEnvVarsInLog = 0;
		};
		2C092A46D2D1A0F7799503E9 /* [CP] Embed Pods Frameworks */ = {
			isa = PBXShellScriptBuildPhase;
			buildActionMask = 2147483647;
			files = (
			);
			inputFileListPaths = (
				"${PODS_ROOT}/Target Support Files/Pods-Kazame/Pods-Kazame-frameworks-${CONFIGURATION}-input-files.xcfilelist",
			);
			name = "[CP] Embed Pods Frameworks";
			outputFileListPaths = (
				"${PODS_ROOT}/Target Support Files/Pods-Kazame/Pods-Kazame-frameworks-${CONFIGURATION}-output-files.xcfilelist",
			);
			runOnlyForDeploymentPostprocessing = 0;
			shellPath = /bin/sh;
			shellScript = "\"${PODS_ROOT}/Target Support Files/Pods-Kazame/Pods-Kazame-frameworks.sh\"\n";
			showEnvVarsInLog = 0;
		};
		AED3EE1A73997AAC88A14DDA /* [CP] Embed Pods Frameworks */ = {
			isa = PBXShellScriptBuildPhase;
			buildActionMask = 2147483647;
			files = (
			);
			inputFileListPaths = (
				"${PODS_ROOT}/Target Support Files/Pods-KazameTests/Pods-KazameTests-frameworks-${CONFIGURATION}-input-files.xcfilelist",
			);
			name = "[CP] Embed Pods Frameworks";
			outputFileListPaths = (
				"${PODS_ROOT}/Target Support Files/Pods-KazameTests/Pods-KazameTests-frameworks-${CONFIGURATION}-output-files.xcfilelist",
			);
			runOnlyForDeploymentPostprocessing = 0;
			shellPath = /bin/sh;
			shellScript = "\"${PODS_ROOT}/Target Support Files/Pods-KazameTests/Pods-KazameTests-frameworks.sh\"\n";
			showEnvVarsInLog = 0;
		};
		BA9D6B55D499B6DF6789612F /* [CP] Check Pods Manifest.lock */ = {
			isa = PBXShellScriptBuildPhase;
			buildActionMask = 2147483647;
			files = (
			);
			inputFileListPaths = (
			);
			inputPaths = (
				"${PODS_PODFILE_DIR_PATH}/Podfile.lock",
				"${PODS_ROOT}/Manifest.lock",
			);
			name = "[CP] Check Pods Manifest.lock";
			outputFileListPaths = (
			);
			outputPaths = (
				"$(DERIVED_FILE_DIR)/Pods-Kazame-checkManifestLockResult.txt",
			);
			runOnlyForDeploymentPostprocessing = 0;
			shellPath = /bin/sh;
			shellScript = "diff \"${PODS_PODFILE_DIR_PATH}/Podfile.lock\" \"${PODS_ROOT}/Manifest.lock\" > /dev/null\nif [ $? != 0 ] ; then\n    # print error to STDERR\n    echo \"error: The sandbox is not in sync with the Podfile.lock. Run 'pod install' or update your CocoaPods installation.\" >&2\n    exit 1\nfi\n# This output is used by Xcode 'outputs' to avoid re-running this script phase.\necho \"SUCCESS\" > \"${SCRIPT_OUTPUT_FILE_0}\"\n";
			showEnvVarsInLog = 0;
		};
		BE01B6E35C550D24049E9A5E /* [CP] Embed Pods Frameworks */ = {
			isa = PBXShellScriptBuildPhase;
			buildActionMask = 2147483647;
			files = (
			);
			inputFileListPaths = (
				"${PODS_ROOT}/Target Support Files/Pods-Kazame-KazameUITests/Pods-Kazame-KazameUITests-frameworks-${CONFIGURATION}-input-files.xcfilelist",
			);
			name = "[CP] Embed Pods Frameworks";
			outputFileListPaths = (
				"${PODS_ROOT}/Target Support Files/Pods-Kazame-KazameUITests/Pods-Kazame-KazameUITests-frameworks-${CONFIGURATION}-output-files.xcfilelist",
			);
			runOnlyForDeploymentPostprocessing = 0;
			shellPath = /bin/sh;
			shellScript = "\"${PODS_ROOT}/Target Support Files/Pods-Kazame-KazameUITests/Pods-Kazame-KazameUITests-frameworks.sh\"\n";
			showEnvVarsInLog = 0;
		};
		F3AEE69E4A5B0968D61CD6E2 /* [CP] Check Pods Manifest.lock */ = {
			isa = PBXShellScriptBuildPhase;
			buildActionMask = 2147483647;
			files = (
			);
			inputFileListPaths = (
			);
			inputPaths = (
				"${PODS_PODFILE_DIR_PATH}/Podfile.lock",
				"${PODS_ROOT}/Manifest.lock",
			);
			name = "[CP] Check Pods Manifest.lock";
			outputFileListPaths = (
			);
			outputPaths = (
				"$(DERIVED_FILE_DIR)/Pods-Kazame-KazameUITests-checkManifestLockResult.txt",
			);
			runOnlyForDeploymentPostprocessing = 0;
			shellPath = /bin/sh;
			shellScript = "diff \"${PODS_PODFILE_DIR_PATH}/Podfile.lock\" \"${PODS_ROOT}/Manifest.lock\" > /dev/null\nif [ $? != 0 ] ; then\n    # print error to STDERR\n    echo \"error: The sandbox is not in sync with the Podfile.lock. Run 'pod install' or update your CocoaPods installation.\" >&2\n    exit 1\nfi\n# This output is used by Xcode 'outputs' to avoid re-running this script phase.\necho \"SUCCESS\" > \"${SCRIPT_OUTPUT_FILE_0}\"\n";
			showEnvVarsInLog = 0;
		};
/* End PBXShellScriptBuildPhase section */

/* Begin PBXSourcesBuildPhase section */
		C257CDC726467C8C0044D731 /* Sources */ = {
			isa = PBXSourcesBuildPhase;
			buildActionMask = 2147483647;
			files = (
				C2F6E45C2649D209000B37A7 /* HomeViewController.swift in Sources */,
				C249B4862649B1EE0040112F /* LoginViewController.swift in Sources */,
				C2F6E4602649F378000B37A7 /* SettingsViewController.swift in Sources */,
				C257CDD326467C8C0044D731 /* ViewController.swift in Sources */,
				C2F6E45E2649EAB0000B37A7 /* RegisterViewController.swift in Sources */,
				C257CDCF26467C8C0044D731 /* AppDelegate.swift in Sources */,
				C257CDD126467C8C0044D731 /* SceneDelegate.swift in Sources */,
			);
			runOnlyForDeploymentPostprocessing = 0;
		};
		C257CDDD26467C8E0044D731 /* Sources */ = {
			isa = PBXSourcesBuildPhase;
			buildActionMask = 2147483647;
			files = (
				C257CDE626467C8E0044D731 /* KazameTests.swift in Sources */,
			);
			runOnlyForDeploymentPostprocessing = 0;
		};
		C257CDE826467C8E0044D731 /* Sources */ = {
			isa = PBXSourcesBuildPhase;
			buildActionMask = 2147483647;
			files = (
				C257CDF126467C8E0044D731 /* KazameUITests.swift in Sources */,
			);
			runOnlyForDeploymentPostprocessing = 0;
		};
/* End PBXSourcesBuildPhase section */

/* Begin PBXTargetDependency section */
		C257CDE326467C8E0044D731 /* PBXTargetDependency */ = {
			isa = PBXTargetDependency;
			target = C257CDCA26467C8C0044D731 /* Kazame */;
			targetProxy = C257CDE226467C8E0044D731 /* PBXContainerItemProxy */;
		};
		C257CDEE26467C8E0044D731 /* PBXTargetDependency */ = {
			isa = PBXTargetDependency;
			target = C257CDCA26467C8C0044D731 /* Kazame */;
			targetProxy = C257CDED26467C8E0044D731 /* PBXContainerItemProxy */;
		};
/* End PBXTargetDependency section */

/* Begin PBXVariantGroup section */
		C257CDD426467C8C0044D731 /* Main.storyboard */ = {
			isa = PBXVariantGroup;
			children = (
				C257CDD526467C8C0044D731 /* Base */,
			);
			name = Main.storyboard;
			sourceTree = "<group>";
		};
		C257CDD926467C8E0044D731 /* LaunchScreen.storyboard */ = {
			isa = PBXVariantGroup;
			children = (
				C257CDDA26467C8E0044D731 /* Base */,
			);
			name = LaunchScreen.storyboard;
			sourceTree = "<group>";
		};
/* End PBXVariantGroup section */

/* Begin XCBuildConfiguration section */
		C257CDF326467C8E0044D731 /* Debug */ = {
			isa = XCBuildConfiguration;
			buildSettings = {
				ALWAYS_SEARCH_USER_PATHS = NO;
				CLANG_ANALYZER_NONNULL = YES;
				CLANG_ANALYZER_NUMBER_OBJECT_CONVERSION = YES_AGGRESSIVE;
				CLANG_CXX_LANGUAGE_STANDARD = "gnu++14";
				CLANG_CXX_LIBRARY = "libc++";
				CLANG_ENABLE_MODULES = YES;
				CLANG_ENABLE_OBJC_ARC = YES;
				CLANG_ENABLE_OBJC_WEAK = YES;
				CLANG_WARN_BLOCK_CAPTURE_AUTORELEASING = YES;
				CLANG_WARN_BOOL_CONVERSION = YES;
				CLANG_WARN_COMMA = YES;
				CLANG_WARN_CONSTANT_CONVERSION = YES;
				CLANG_WARN_DEPRECATED_OBJC_IMPLEMENTATIONS = YES;
				CLANG_WARN_DIRECT_OBJC_ISA_USAGE = YES_ERROR;
				CLANG_WARN_DOCUMENTATION_COMMENTS = YES;
				CLANG_WARN_EMPTY_BODY = YES;
				CLANG_WARN_ENUM_CONVERSION = YES;
				CLANG_WARN_INFINITE_RECURSION = YES;
				CLANG_WARN_INT_CONVERSION = YES;
				CLANG_WARN_NON_LITERAL_NULL_CONVERSION = YES;
				CLANG_WARN_OBJC_IMPLICIT_RETAIN_SELF = YES;
				CLANG_WARN_OBJC_LITERAL_CONVERSION = YES;
				CLANG_WARN_OBJC_ROOT_CLASS = YES_ERROR;
				CLANG_WARN_QUOTED_INCLUDE_IN_FRAMEWORK_HEADER = YES;
				CLANG_WARN_RANGE_LOOP_ANALYSIS = YES;
				CLANG_WARN_STRICT_PROTOTYPES = YES;
				CLANG_WARN_SUSPICIOUS_MOVE = YES;
				CLANG_WARN_UNGUARDED_AVAILABILITY = YES_AGGRESSIVE;
				CLANG_WARN_UNREACHABLE_CODE = YES;
				CLANG_WARN__DUPLICATE_METHOD_MATCH = YES;
				COPY_PHASE_STRIP = NO;
				DEBUG_INFORMATION_FORMAT = dwarf;
				ENABLE_STRICT_OBJC_MSGSEND = YES;
				ENABLE_TESTABILITY = YES;
				FRAMEWORK_SEARCH_PATHS = (
					"$(PROJECT_DIR)",
					"$(inherited)",
				);
				GCC_C_LANGUAGE_STANDARD = gnu11;
				GCC_DYNAMIC_NO_PIC = NO;
				GCC_NO_COMMON_BLOCKS = YES;
				GCC_OPTIMIZATION_LEVEL = 0;
				GCC_PREPROCESSOR_DEFINITIONS = (
					"DEBUG=1",
					"$(inherited)",
				);
				GCC_WARN_64_TO_32_BIT_CONVERSION = YES;
				GCC_WARN_ABOUT_RETURN_TYPE = YES_ERROR;
				GCC_WARN_UNDECLARED_SELECTOR = YES;
				GCC_WARN_UNINITIALIZED_AUTOS = YES_AGGRESSIVE;
				GCC_WARN_UNUSED_FUNCTION = YES;
				GCC_WARN_UNUSED_VARIABLE = YES;
				IPHONEOS_DEPLOYMENT_TARGET = 14.5;
				MTL_ENABLE_DEBUG_INFO = INCLUDE_SOURCE;
				MTL_FAST_MATH = YES;
				ONLY_ACTIVE_ARCH = YES;
				SDKROOT = iphoneos;
				SWIFT_ACTIVE_COMPILATION_CONDITIONS = DEBUG;
				SWIFT_OPTIMIZATION_LEVEL = "-Onone";
			};
			name = Debug;
		};
		C257CDF426467C8E0044D731 /* Release */ = {
			isa = XCBuildConfiguration;
			buildSettings = {
				ALWAYS_SEARCH_USER_PATHS = NO;
				CLANG_ANALYZER_NONNULL = YES;
				CLANG_ANALYZER_NUMBER_OBJECT_CONVERSION = YES_AGGRESSIVE;
				CLANG_CXX_LANGUAGE_STANDARD = "gnu++14";
				CLANG_CXX_LIBRARY = "libc++";
				CLANG_ENABLE_MODULES = YES;
				CLANG_ENABLE_OBJC_ARC = YES;
				CLANG_ENABLE_OBJC_WEAK = YES;
				CLANG_WARN_BLOCK_CAPTURE_AUTORELEASING = YES;
				CLANG_WARN_BOOL_CONVERSION = YES;
				CLANG_WARN_COMMA = YES;
				CLANG_WARN_CONSTANT_CONVERSION = YES;
				CLANG_WARN_DEPRECATED_OBJC_IMPLEMENTATIONS = YES;
				CLANG_WARN_DIRECT_OBJC_ISA_USAGE = YES_ERROR;
				CLANG_WARN_DOCUMENTATION_COMMENTS = YES;
				CLANG_WARN_EMPTY_BODY = YES;
				CLANG_WARN_ENUM_CONVERSION = YES;
				CLANG_WARN_INFINITE_RECURSION = YES;
				CLANG_WARN_INT_CONVERSION = YES;
				CLANG_WARN_NON_LITERAL_NULL_CONVERSION = YES;
				CLANG_WARN_OBJC_IMPLICIT_RETAIN_SELF = YES;
				CLANG_WARN_OBJC_LITERAL_CONVERSION = YES;
				CLANG_WARN_OBJC_ROOT_CLASS = YES_ERROR;
				CLANG_WARN_QUOTED_INCLUDE_IN_FRAMEWORK_HEADER = YES;
				CLANG_WARN_RANGE_LOOP_ANALYSIS = YES;
				CLANG_WARN_STRICT_PROTOTYPES = YES;
				CLANG_WARN_SUSPICIOUS_MOVE = YES;
				CLANG_WARN_UNGUARDED_AVAILABILITY = YES_AGGRESSIVE;
				CLANG_WARN_UNREACHABLE_CODE = YES;
				CLANG_WARN__DUPLICATE_METHOD_MATCH = YES;
				COPY_PHASE_STRIP = NO;
				DEBUG_INFORMATION_FORMAT = "dwarf-with-dsym";
				ENABLE_NS_ASSERTIONS = NO;
				ENABLE_STRICT_OBJC_MSGSEND = YES;
				FRAMEWORK_SEARCH_PATHS = (
					"$(PROJECT_DIR)",
					"$(inherited)",
				);
				GCC_C_LANGUAGE_STANDARD = gnu11;
				GCC_NO_COMMON_BLOCKS = YES;
				GCC_WARN_64_TO_32_BIT_CONVERSION = YES;
				GCC_WARN_ABOUT_RETURN_TYPE = YES_ERROR;
				GCC_WARN_UNDECLARED_SELECTOR = YES;
				GCC_WARN_UNINITIALIZED_AUTOS = YES_AGGRESSIVE;
				GCC_WARN_UNUSED_FUNCTION = YES;
				GCC_WARN_UNUSED_VARIABLE = YES;
				IPHONEOS_DEPLOYMENT_TARGET = 14.5;
				MTL_ENABLE_DEBUG_INFO = NO;
				MTL_FAST_MATH = YES;
				SDKROOT = iphoneos;
				SWIFT_COMPILATION_MODE = wholemodule;
				SWIFT_OPTIMIZATION_LEVEL = "-O";
				VALIDATE_PRODUCT = YES;
			};
			name = Release;
		};
		C257CDF626467C8E0044D731 /* Debug */ = {
			isa = XCBuildConfiguration;
			baseConfigurationReference = 1A0CFEE601CD8D2F9A441D12 /* Pods-Kazame.debug.xcconfig */;
			buildSettings = {
				ASSETCATALOG_COMPILER_APPICON_NAME = AppIcon;
				ASSETCATALOG_COMPILER_GLOBAL_ACCENT_COLOR_NAME = AccentColor;
				CODE_SIGN_STYLE = Automatic;
				DEVELOPMENT_TEAM = AWW5LD8ALV;
				INFOPLIST_FILE = Kazame/Info.plist;
				LD_RUNPATH_SEARCH_PATHS = (
					"$(inherited)",
					"@executable_path/Frameworks",
				);
				PRODUCT_BUNDLE_IDENTIFIER = ArdaKaynar.Kazame;
				PRODUCT_NAME = "$(TARGET_NAME)";
				SWIFT_VERSION = 5.0;
				TARGETED_DEVICE_FAMILY = "1,2";
			};
			name = Debug;
		};
		C257CDF726467C8E0044D731 /* Release */ = {
			isa = XCBuildConfiguration;
			baseConfigurationReference = FB3FE83C6E86195E7A7A567D /* Pods-Kazame.release.xcconfig */;
			buildSettings = {
				ASSETCATALOG_COMPILER_APPICON_NAME = AppIcon;
				ASSETCATALOG_COMPILER_GLOBAL_ACCENT_COLOR_NAME = AccentColor;
				CODE_SIGN_STYLE = Automatic;
				DEVELOPMENT_TEAM = AWW5LD8ALV;
				INFOPLIST_FILE = Kazame/Info.plist;
				LD_RUNPATH_SEARCH_PATHS = (
					"$(inherited)",
					"@executable_path/Frameworks",
				);
				PRODUCT_BUNDLE_IDENTIFIER = ArdaKaynar.Kazame;
				PRODUCT_NAME = "$(TARGET_NAME)";
				SWIFT_VERSION = 5.0;
				TARGETED_DEVICE_FAMILY = "1,2";
			};
			name = Release;
		};
		C257CDF926467C8E0044D731 /* Debug */ = {
			isa = XCBuildConfiguration;
			baseConfigurationReference = 687B43993CCB759FE10B0AD2 /* Pods-KazameTests.debug.xcconfig */;
			buildSettings = {
				ALWAYS_EMBED_SWIFT_STANDARD_LIBRARIES = YES;
				BUNDLE_LOADER = "$(TEST_HOST)";
				CODE_SIGN_STYLE = Automatic;
				DEVELOPMENT_TEAM = AWW5LD8ALV;
				INFOPLIST_FILE = KazameTests/Info.plist;
				IPHONEOS_DEPLOYMENT_TARGET = 14.5;
				LD_RUNPATH_SEARCH_PATHS = (
					"$(inherited)",
					"@executable_path/Frameworks",
					"@loader_path/Frameworks",
				);
				PRODUCT_BUNDLE_IDENTIFIER = ArdaKaynar.KazameTests;
				PRODUCT_NAME = "$(TARGET_NAME)";
				SWIFT_VERSION = 5.0;
				TARGETED_DEVICE_FAMILY = "1,2";
				TEST_HOST = "$(BUILT_PRODUCTS_DIR)/Kazame.app/Kazame";
			};
			name = Debug;
		};
		C257CDFA26467C8E0044D731 /* Release */ = {
			isa = XCBuildConfiguration;
			baseConfigurationReference = 68559216F39AD534C20CA079 /* Pods-KazameTests.release.xcconfig */;
			buildSettings = {
				ALWAYS_EMBED_SWIFT_STANDARD_LIBRARIES = YES;
				BUNDLE_LOADER = "$(TEST_HOST)";
				CODE_SIGN_STYLE = Automatic;
				DEVELOPMENT_TEAM = AWW5LD8ALV;
				INFOPLIST_FILE = KazameTests/Info.plist;
				IPHONEOS_DEPLOYMENT_TARGET = 14.5;
				LD_RUNPATH_SEARCH_PATHS = (
					"$(inherited)",
					"@executable_path/Frameworks",
					"@loader_path/Frameworks",
				);
				PRODUCT_BUNDLE_IDENTIFIER = ArdaKaynar.KazameTests;
				PRODUCT_NAME = "$(TARGET_NAME)";
				SWIFT_VERSION = 5.0;
				TARGETED_DEVICE_FAMILY = "1,2";
				TEST_HOST = "$(BUILT_PRODUCTS_DIR)/Kazame.app/Kazame";
			};
			name = Release;
		};
		C257CDFC26467C8E0044D731 /* Debug */ = {
			isa = XCBuildConfiguration;
			baseConfigurationReference = 2E125709A00F804D18B8BAE2 /* Pods-Kazame-KazameUITests.debug.xcconfig */;
			buildSettings = {
				ALWAYS_EMBED_SWIFT_STANDARD_LIBRARIES = YES;
				CODE_SIGN_STYLE = Automatic;
				DEVELOPMENT_TEAM = AWW5LD8ALV;
				INFOPLIST_FILE = KazameUITests/Info.plist;
				LD_RUNPATH_SEARCH_PATHS = (
					"$(inherited)",
					"@executable_path/Frameworks",
					"@loader_path/Frameworks",
				);
				PRODUCT_BUNDLE_IDENTIFIER = ArdaKaynar.KazameUITests;
				PRODUCT_NAME = "$(TARGET_NAME)";
				SWIFT_VERSION = 5.0;
				TARGETED_DEVICE_FAMILY = "1,2";
				TEST_TARGET_NAME = Kazame;
			};
			name = Debug;
		};
		C257CDFD26467C8E0044D731 /* Release */ = {
			isa = XCBuildConfiguration;
			baseConfigurationReference = 583E9A306BF3EFFB87F615BA /* Pods-Kazame-KazameUITests.release.xcconfig */;
			buildSettings = {
				ALWAYS_EMBED_SWIFT_STANDARD_LIBRARIES = YES;
				CODE_SIGN_STYLE = Automatic;
				DEVELOPMENT_TEAM = AWW5LD8ALV;
				INFOPLIST_FILE = KazameUITests/Info.plist;
				LD_RUNPATH_SEARCH_PATHS = (
					"$(inherited)",
					"@executable_path/Frameworks",
					"@loader_path/Frameworks",
				);
				PRODUCT_BUNDLE_IDENTIFIER = ArdaKaynar.KazameUITests;
				PRODUCT_NAME = "$(TARGET_NAME)";
				SWIFT_VERSION = 5.0;
				TARGETED_DEVICE_FAMILY = "1,2";
				TEST_TARGET_NAME = Kazame;
			};
			name = Release;
		};
/* End XCBuildConfiguration section */

/* Begin XCConfigurationList section */
		C257CDC626467C8C0044D731 /* Build configuration list for PBXProject "Kazame" */ = {
			isa = XCConfigurationList;
			buildConfigurations = (
				C257CDF326467C8E0044D731 /* Debug */,
				C257CDF426467C8E0044D731 /* Release */,
			);
			defaultConfigurationIsVisible = 0;
			defaultConfigurationName = Release;
		};
		C257CDF526467C8E0044D731 /* Build configuration list for PBXNativeTarget "Kazame" */ = {
			isa = XCConfigurationList;
			buildConfigurations = (
				C257CDF626467C8E0044D731 /* Debug */,
				C257CDF726467C8E0044D731 /* Release */,
			);
			defaultConfigurationIsVisible = 0;
			defaultConfigurationName = Release;
		};
		C257CDF826467C8E0044D731 /* Build configuration list for PBXNativeTarget "KazameTests" */ = {
			isa = XCConfigurationList;
			buildConfigurations = (
				C257CDF926467C8E0044D731 /* Debug */,
				C257CDFA26467C8E0044D731 /* Release */,
			);
			defaultConfigurationIsVisible = 0;
			defaultConfigurationName = Release;
		};
		C257CDFB26467C8E0044D731 /* Build configuration list for PBXNativeTarget "KazameUITests" */ = {
			isa = XCConfigurationList;
			buildConfigurations = (
				C257CDFC26467C8E0044D731 /* Debug */,
				C257CDFD26467C8E0044D731 /* Release */,
			);
			defaultConfigurationIsVisible = 0;
			defaultConfigurationName = Release;
		};
/* End XCConfigurationList section */
	};
	rootObject = C257CDC326467C8C0044D731 /* Project object */;
}
